// !$*UTF8*$!
{
	archiveVersion = 1;
	classes = {
	};
	objectVersion = 55;
	objects = {

/* Begin PBXBuildFile section */
		1829A5692893B5DF004522D0 /* TripperApp.swift in Sources */ = {isa = PBXBuildFile; fileRef = 1829A5682893B5DF004522D0 /* TripperApp.swift */; };
		1829A56B2893B5DF004522D0 /* ContentView.swift in Sources */ = {isa = PBXBuildFile; fileRef = 1829A56A2893B5DF004522D0 /* ContentView.swift */; };
		1829A56D2893B5E0004522D0 /* Assets.xcassets in Resources */ = {isa = PBXBuildFile; fileRef = 1829A56C2893B5E0004522D0 /* Assets.xcassets */; };
		1829A5702893B5E0004522D0 /* Preview Assets.xcassets in Resources */ = {isa = PBXBuildFile; fileRef = 1829A56F2893B5E0004522D0 /* Preview Assets.xcassets */; };
		1835D7E4289A562E003707E4 /* AddScheduleView.swift in Sources */ = {isa = PBXBuildFile; fileRef = 1835D7E3289A562E003707E4 /* AddScheduleView.swift */; };
		1856B376289788FF0054BCC7 /* CostView.swift in Sources */ = {isa = PBXBuildFile; fileRef = 1856B375289788FF0054BCC7 /* CostView.swift */; };
		1856B37828978A080054BCC7 /* PhotoView.swift in Sources */ = {isa = PBXBuildFile; fileRef = 1856B37728978A080054BCC7 /* PhotoView.swift */; };
		1856B37A28978A800054BCC7 /* ScheduleView.swift in Sources */ = {isa = PBXBuildFile; fileRef = 1856B37928978A800054BCC7 /* ScheduleView.swift */; };
		1856B37C28978A9D0054BCC7 /* PostView.swift in Sources */ = {isa = PBXBuildFile; fileRef = 1856B37B28978A9D0054BCC7 /* PostView.swift */; };
		1856B37E28978AAF0054BCC7 /* NoteView.swift in Sources */ = {isa = PBXBuildFile; fileRef = 1856B37D28978AAF0054BCC7 /* NoteView.swift */; };
		1856B3822897A67A0054BCC7 /* UserDefaultsManager.swift in Sources */ = {isa = PBXBuildFile; fileRef = 1856B3812897A67A0054BCC7 /* UserDefaultsManager.swift */; };
		1856B385289912490054BCC7 /* ContentViewModel.swift in Sources */ = {isa = PBXBuildFile; fileRef = 1856B384289912490054BCC7 /* ContentViewModel.swift */; };
/* End PBXBuildFile section */

/* Begin PBXFileReference section */
		1829A5652893B5DF004522D0 /* Tripper.app */ = {isa = PBXFileReference; explicitFileType = wrapper.application; includeInIndex = 0; path = Tripper.app; sourceTree = BUILT_PRODUCTS_DIR; };
		1829A5682893B5DF004522D0 /* TripperApp.swift */ = {isa = PBXFileReference; lastKnownFileType = sourcecode.swift; path = TripperApp.swift; sourceTree = "<group>"; };
		1829A56A2893B5DF004522D0 /* ContentView.swift */ = {isa = PBXFileReference; lastKnownFileType = sourcecode.swift; path = ContentView.swift; sourceTree = "<group>"; };
		1829A56C2893B5E0004522D0 /* Assets.xcassets */ = {isa = PBXFileReference; lastKnownFileType = folder.assetcatalog; path = Assets.xcassets; sourceTree = "<group>"; };
		1829A56F2893B5E0004522D0 /* Preview Assets.xcassets */ = {isa = PBXFileReference; lastKnownFileType = folder.assetcatalog; path = "Preview Assets.xcassets"; sourceTree = "<group>"; };
		1835D7E3289A562E003707E4 /* AddScheduleView.swift */ = {isa = PBXFileReference; lastKnownFileType = sourcecode.swift; path = AddScheduleView.swift; sourceTree = "<group>"; };
		1856B375289788FF0054BCC7 /* CostView.swift */ = {isa = PBXFileReference; lastKnownFileType = sourcecode.swift; path = CostView.swift; sourceTree = "<group>"; };
		1856B37728978A080054BCC7 /* PhotoView.swift */ = {isa = PBXFileReference; lastKnownFileType = sourcecode.swift; path = PhotoView.swift; sourceTree = "<group>"; };
		1856B37928978A800054BCC7 /* ScheduleView.swift */ = {isa = PBXFileReference; lastKnownFileType = sourcecode.swift; path = ScheduleView.swift; sourceTree = "<group>"; };
		1856B37B28978A9D0054BCC7 /* PostView.swift */ = {isa = PBXFileReference; lastKnownFileType = sourcecode.swift; path = PostView.swift; sourceTree = "<group>"; };
		1856B37D28978AAF0054BCC7 /* NoteView.swift */ = {isa = PBXFileReference; lastKnownFileType = sourcecode.swift; path = NoteView.swift; sourceTree = "<group>"; };
		1856B3812897A67A0054BCC7 /* UserDefaultsManager.swift */ = {isa = PBXFileReference; lastKnownFileType = sourcecode.swift; path = UserDefaultsManager.swift; sourceTree = "<group>"; };
		1856B384289912490054BCC7 /* ContentViewModel.swift */ = {isa = PBXFileReference; lastKnownFileType = sourcecode.swift; path = ContentViewModel.swift; sourceTree = "<group>"; };
/* End PBXFileReference section */

/* Begin PBXFrameworksBuildPhase section */
		1829A5622893B5DF004522D0 /* Frameworks */ = {
			isa = PBXFrameworksBuildPhase;
			buildActionMask = 2147483647;
			files = (
			);
			runOnlyForDeploymentPostprocessing = 0;
		};
/* End PBXFrameworksBuildPhase section */

/* Begin PBXGroup section */
		1829A55C2893B5DF004522D0 = {
			isa = PBXGroup;
			children = (
				1829A5672893B5DF004522D0 /* Tripper */,
				1829A5662893B5DF004522D0 /* Products */,
			);
			sourceTree = "<group>";
		};
		1829A5662893B5DF004522D0 /* Products */ = {
			isa = PBXGroup;
			children = (
				1829A5652893B5DF004522D0 /* Tripper.app */,
			);
			name = Products;
			sourceTree = "<group>";
		};
		1829A5672893B5DF004522D0 /* Tripper */ = {
			isa = PBXGroup;
			children = (
				1829A5682893B5DF004522D0 /* TripperApp.swift */,
				1856B3802897A6610054BCC7 /* Manager */,
				1856B3832899122F0054BCC7 /* Model */,
				1856B37F2897A64E0054BCC7 /* View */,
				1829A56C2893B5E0004522D0 /* Assets.xcassets */,
				1829A56E2893B5E0004522D0 /* Preview Content */,
			);
			path = Tripper;
			sourceTree = "<group>";
		};
		1829A56E2893B5E0004522D0 /* Preview Content */ = {
			isa = PBXGroup;
			children = (
				1829A56F2893B5E0004522D0 /* Preview Assets.xcassets */,
			);
			path = "Preview Content";
			sourceTree = "<group>";
		};
		1856B37F2897A64E0054BCC7 /* View */ = {
			isa = PBXGroup;
			children = (
				1829A56A2893B5DF004522D0 /* ContentView.swift */,
				1856B375289788FF0054BCC7 /* CostView.swift */,
				1856B37728978A080054BCC7 /* PhotoView.swift */,
				1856B37928978A800054BCC7 /* ScheduleView.swift */,
				1835D7E3289A562E003707E4 /* AddScheduleView.swift */,
				1856B37B28978A9D0054BCC7 /* PostView.swift */,
				1856B37D28978AAF0054BCC7 /* NoteView.swift */,
			);
			path = View;
			sourceTree = "<group>";
		};
		1856B3802897A6610054BCC7 /* Manager */ = {
			isa = PBXGroup;
			children = (
				1856B3812897A67A0054BCC7 /* UserDefaultsManager.swift */,
			);
			path = Manager;
			sourceTree = "<group>";
		};
		1856B3832899122F0054BCC7 /* Model */ = {
			isa = PBXGroup;
			children = (
				1856B384289912490054BCC7 /* ContentViewModel.swift */,
			);
			path = Model;
			sourceTree = "<group>";
		};
/* End PBXGroup section */

/* Begin PBXNativeTarget section */
		1829A5642893B5DF004522D0 /* Tripper */ = {
			isa = PBXNativeTarget;
			buildConfigurationList = 1829A5732893B5E0004522D0 /* Build configuration list for PBXNativeTarget "Tripper" */;
			buildPhases = (
				1829A5612893B5DF004522D0 /* Sources */,
				1829A5622893B5DF004522D0 /* Frameworks */,
				1829A5632893B5DF004522D0 /* Resources */,
			);
			buildRules = (
			);
			dependencies = (
			);
			name = Tripper;
			productName = Tripper;
			productReference = 1829A5652893B5DF004522D0 /* Tripper.app */;
			productType = "com.apple.product-type.application";
		};
/* End PBXNativeTarget section */

/* Begin PBXProject section */
		1829A55D2893B5DF004522D0 /* Project object */ = {
			isa = PBXProject;
			attributes = {
				BuildIndependentTargetsInParallel = 1;
				LastSwiftUpdateCheck = 1340;
				LastUpgradeCheck = 1340;
				TargetAttributes = {
					1829A5642893B5DF004522D0 = {
						CreatedOnToolsVersion = 13.4.1;
					};
				};
			};
			buildConfigurationList = 1829A5602893B5DF004522D0 /* Build configuration list for PBXProject "Tripper" */;
			compatibilityVersion = "Xcode 13.0";
			developmentRegion = en;
			hasScannedForEncodings = 0;
			knownRegions = (
				en,
				Base,
			);
			mainGroup = 1829A55C2893B5DF004522D0;
			productRefGroup = 1829A5662893B5DF004522D0 /* Products */;
			projectDirPath = "";
			projectRoot = "";
			targets = (
				1829A5642893B5DF004522D0 /* Tripper */,
			);
		};
/* End PBXProject section */

/* Begin PBXResourcesBuildPhase section */
		1829A5632893B5DF004522D0 /* Resources */ = {
			isa = PBXResourcesBuildPhase;
			buildActionMask = 2147483647;
			files = (
				1829A5702893B5E0004522D0 /* Preview Assets.xcassets in Resources */,
				1829A56D2893B5E0004522D0 /* Assets.xcassets in Resources */,
			);
			runOnlyForDeploymentPostprocessing = 0;
		};
/* End PBXResourcesBuildPhase section */

/* Begin PBXSourcesBuildPhase section */
		1829A5612893B5DF004522D0 /* Sources */ = {
			isa = PBXSourcesBuildPhase;
			buildActionMask = 2147483647;
			files = (
				1856B37A28978A800054BCC7 /* ScheduleView.swift in Sources */,
				1829A56B2893B5DF004522D0 /* ContentView.swift in Sources */,
				1829A5692893B5DF004522D0 /* TripperApp.swift in Sources */,
				1835D7E4289A562E003707E4 /* AddScheduleView.swift in Sources */,
				1856B376289788FF0054BCC7 /* CostView.swift in Sources */,
				1856B37C28978A9D0054BCC7 /* PostView.swift in Sources */,
				1856B385289912490054BCC7 /* ContentViewModel.swift in Sources */,
				1856B37E28978AAF0054BCC7 /* NoteView.swift in Sources */,
				1856B3822897A67A0054BCC7 /* UserDefaultsManager.swift in Sources */,
				1856B37828978A080054BCC7 /* PhotoView.swift in Sources */,
			);
			runOnlyForDeploymentPostprocessing = 0;
		};
/* End PBXSourcesBuildPhase section */

/* Begin XCBuildConfiguration section */
		1829A5712893B5E0004522D0 /* Debug */ = {
			isa = XCBuildConfiguration;
			buildSettings = {
				ALWAYS_SEARCH_USER_PATHS = NO;
				CLANG_ANALYZER_NONNULL = YES;
				CLANG_ANALYZER_NUMBER_OBJECT_CONVERSION = YES_AGGRESSIVE;
				CLANG_CXX_LANGUAGE_STANDARD = "gnu++17";
				CLANG_ENABLE_MODULES = YES;
				CLANG_ENABLE_OBJC_ARC = YES;
				CLANG_ENABLE_OBJC_WEAK = YES;
				CLANG_WARN_BLOCK_CAPTURE_AUTORELEASING = YES;
				CLANG_WARN_BOOL_CONVERSION = YES;
				CLANG_WARN_COMMA = YES;
				CLANG_WARN_CONSTANT_CONVERSION = YES;
				CLANG_WARN_DEPRECATED_OBJC_IMPLEMENTATIONS = YES;
				CLANG_WARN_DIRECT_OBJC_ISA_USAGE = YES_ERROR;
				CLANG_WARN_DOCUMENTATION_COMMENTS = YES;
				CLANG_WARN_EMPTY_BODY = YES;
				CLANG_WARN_ENUM_CONVERSION = YES;
				CLANG_WARN_INFINITE_RECURSION = YES;
				CLANG_WARN_INT_CONVERSION = YES;
				CLANG_WARN_NON_LITERAL_NULL_CONVERSION = YES;
				CLANG_WARN_OBJC_IMPLICIT_RETAIN_SELF = YES;
				CLANG_WARN_OBJC_LITERAL_CONVERSION = YES;
				CLANG_WARN_OBJC_ROOT_CLASS = YES_ERROR;
				CLANG_WARN_QUOTED_INCLUDE_IN_FRAMEWORK_HEADER = YES;
				CLANG_WARN_RANGE_LOOP_ANALYSIS = YES;
				CLANG_WARN_STRICT_PROTOTYPES = YES;
				CLANG_WARN_SUSPICIOUS_MOVE = YES;
				CLANG_WARN_UNGUARDED_AVAILABILITY = YES_AGGRESSIVE;
				CLANG_WARN_UNREACHABLE_CODE = YES;
				CLANG_WARN__DUPLICATE_METHOD_MATCH = YES;
				COPY_PHASE_STRIP = NO;
				DEBUG_INFORMATION_FORMAT = dwarf;
				ENABLE_STRICT_OBJC_MSGSEND = YES;
				ENABLE_TESTABILITY = YES;
				GCC_C_LANGUAGE_STANDARD = gnu11;
				GCC_DYNAMIC_NO_PIC = NO;
				GCC_NO_COMMON_BLOCKS = YES;
				GCC_OPTIMIZATION_LEVEL = 0;
				GCC_PREPROCESSOR_DEFINITIONS = (
					"DEBUG=1",
					"$(inherited)",
				);
				GCC_WARN_64_TO_32_BIT_CONVERSION = YES;
				GCC_WARN_ABOUT_RETURN_TYPE = YES_ERROR;
				GCC_WARN_UNDECLARED_SELECTOR = YES;
				GCC_WARN_UNINITIALIZED_AUTOS = YES_AGGRESSIVE;
				GCC_WARN_UNUSED_FUNCTION = YES;
				GCC_WARN_UNUSED_VARIABLE = YES;
				IPHONEOS_DEPLOYMENT_TARGET = 15.5;
				MTL_ENABLE_DEBUG_INFO = INCLUDE_SOURCE;
				MTL_FAST_MATH = YES;
				ONLY_ACTIVE_ARCH = YES;
				SDKROOT = iphoneos;
				SWIFT_ACTIVE_COMPILATION_CONDITIONS = DEBUG;
				SWIFT_OPTIMIZATION_LEVEL = "-Onone";
			};
			name = Debug;
		};
		1829A5722893B5E0004522D0 /* Release */ = {
			isa = XCBuildConfiguration;
			buildSettings = {
				ALWAYS_SEARCH_USER_PATHS = NO;
				CLANG_ANALYZER_NONNULL = YES;
				CLANG_ANALYZER_NUMBER_OBJECT_CONVERSION = YES_AGGRESSIVE;
				CLANG_CXX_LANGUAGE_STANDARD = "gnu++17";
				CLANG_ENABLE_MODULES = YES;
				CLANG_ENABLE_OBJC_ARC = YES;
				CLANG_ENABLE_OBJC_WEAK = YES;
				CLANG_WARN_BLOCK_CAPTURE_AUTORELEASING = YES;
				CLANG_WARN_BOOL_CONVERSION = YES;
				CLANG_WARN_COMMA = YES;
				CLANG_WARN_CONSTANT_CONVERSION = YES;
				CLANG_WARN_DEPRECATED_OBJC_IMPLEMENTATIONS = YES;
				CLANG_WARN_DIRECT_OBJC_ISA_USAGE = YES_ERROR;
				CLANG_WARN_DOCUMENTATION_COMMENTS = YES;
				CLANG_WARN_EMPTY_BODY = YES;
				CLANG_WARN_ENUM_CONVERSION = YES;
				CLANG_WARN_INFINITE_RECURSION = YES;
				CLANG_WARN_INT_CONVERSION = YES;
				CLANG_WARN_NON_LITERAL_NULL_CONVERSION = YES;
				CLANG_WARN_OBJC_IMPLICIT_RETAIN_SELF = YES;
				CLANG_WARN_OBJC_LITERAL_CONVERSION = YES;
				CLANG_WARN_OBJC_ROOT_CLASS = YES_ERROR;
				CLANG_WARN_QUOTED_INCLUDE_IN_FRAMEWORK_HEADER = YES;
				CLANG_WARN_RANGE_LOOP_ANALYSIS = YES;
				CLANG_WARN_STRICT_PROTOTYPES = YES;
				CLANG_WARN_SUSPICIOUS_MOVE = YES;
				CLANG_WARN_UNGUARDED_AVAILABILITY = YES_AGGRESSIVE;
				CLANG_WARN_UNREACHABLE_CODE = YES;
				CLANG_WARN__DUPLICATE_METHOD_MATCH = YES;
				COPY_PHASE_STRIP = NO;
				DEBUG_INFORMATION_FORMAT = "dwarf-with-dsym";
				ENABLE_NS_ASSERTIONS = NO;
				ENABLE_STRICT_OBJC_MSGSEND = YES;
				GCC_C_LANGUAGE_STANDARD = gnu11;
				GCC_NO_COMMON_BLOCKS = YES;
				GCC_WARN_64_TO_32_BIT_CONVERSION = YES;
				GCC_WARN_ABOUT_RETURN_TYPE = YES_ERROR;
				GCC_WARN_UNDECLARED_SELECTOR = YES;
				GCC_WARN_UNINITIALIZED_AUTOS = YES_AGGRESSIVE;
				GCC_WARN_UNUSED_FUNCTION = YES;
				GCC_WARN_UNUSED_VARIABLE = YES;
				IPHONEOS_DEPLOYMENT_TARGET = 15.5;
				MTL_ENABLE_DEBUG_INFO = NO;
				MTL_FAST_MATH = YES;
				SDKROOT = iphoneos;
				SWIFT_COMPILATION_MODE = wholemodule;
				SWIFT_OPTIMIZATION_LEVEL = "-O";
				VALIDATE_PRODUCT = YES;
			};
			name = Release;
		};
		1829A5742893B5E0004522D0 /* Debug */ = {
			isa = XCBuildConfiguration;
			buildSettings = {
				ASSETCATALOG_COMPILER_APPICON_NAME = AppIcon;
				ASSETCATALOG_COMPILER_GLOBAL_ACCENT_COLOR_NAME = AccentColor;
				CODE_SIGN_STYLE = Automatic;
				CURRENT_PROJECT_VERSION = 1;
				DEVELOPMENT_ASSET_PATHS = "\"Tripper/Preview Content\"";
				DEVELOPMENT_TEAM = KH3PA94KG7;
				ENABLE_PREVIEWS = YES;
				GENERATE_INFOPLIST_FILE = YES;
				INFOPLIST_KEY_UIApplicationSceneManifest_Generation = YES;
				INFOPLIST_KEY_UIApplicationSupportsIndirectInputEvents = YES;
				INFOPLIST_KEY_UILaunchScreen_Generation = YES;
				INFOPLIST_KEY_UISupportedInterfaceOrientations_iPad = "UIInterfaceOrientationPortrait UIInterfaceOrientationPortraitUpsideDown UIInterfaceOrientationLandscapeLeft UIInterfaceOrientationLandscapeRight";
				INFOPLIST_KEY_UISupportedInterfaceOrientations_iPhone = "UIInterfaceOrientationPortrait UIInterfaceOrientationLandscapeLeft UIInterfaceOrientationLandscapeRight";
				LD_RUNPATH_SEARCH_PATHS = (
					"$(inherited)",
					"@executable_path/Frameworks",
				);
				MARKETING_VERSION = 1.0;
				PRODUCT_BUNDLE_IDENTIFIER = com.nullre.Tripper;
				PRODUCT_NAME = "$(TARGET_NAME)";
				SWIFT_EMIT_LOC_STRINGS = YES;
				SWIFT_VERSION = 5.0;
				TARGETED_DEVICE_FAMILY = "1,2";
			};
			name = Debug;
		};
		1829A5752893B5E0004522D0 /* Release */ = {
			isa = XCBuildConfiguration;
			buildSettings = {
				ASSETCATALOG_COMPILER_APPICON_NAME = AppIcon;
				ASSETCATALOG_COMPILER_GLOBAL_ACCENT_COLOR_NAME = AccentColor;
				CODE_SIGN_STYLE = Automatic;
				CURRENT_PROJECT_VERSION = 1;
				DEVELOPMENT_ASSET_PATHS = "\"Tripper/Preview Content\"";
				DEVELOPMENT_TEAM = KH3PA94KG7;
				ENABLE_PREVIEWS = YES;
				GENERATE_INFOPLIST_FILE = YES;
				INFOPLIST_KEY_UIApplicationSceneManifest_Generation = YES;
				INFOPLIST_KEY_UIApplicationSupportsIndirectInputEvents = YES;
				INFOPLIST_KEY_UILaunchScreen_Generation = YES;
				INFOPLIST_KEY_UISupportedInterfaceOrientations_iPad = "UIInterfaceOrientationPortrait UIInterfaceOrientationPortraitUpsideDown UIInterfaceOrientationLandscapeLeft UIInterfaceOrientationLandscapeRight";
				INFOPLIST_KEY_UISupportedInterfaceOrientations_iPhone = "UIInterfaceOrientationPortrait UIInterfaceOrientationLandscapeLeft UIInterfaceOrientationLandscapeRight";
				LD_RUNPATH_SEARCH_PATHS = (
					"$(inherited)",
					"@executable_path/Frameworks",
				);
				MARKETING_VERSION = 1.0;
				PRODUCT_BUNDLE_IDENTIFIER = com.nullre.Tripper;
				PRODUCT_NAME = "$(TARGET_NAME)";
				SWIFT_EMIT_LOC_STRINGS = YES;
				SWIFT_VERSION = 5.0;
				TARGETED_DEVICE_FAMILY = "1,2";
			};
			name = Release;
		};
/* End XCBuildConfiguration section */

/* Begin XCConfigurationList section */
		1829A5602893B5DF004522D0 /* Build configuration list for PBXProject "Tripper" */ = {
			isa = XCConfigurationList;
			buildConfigurations = (
				1829A5712893B5E0004522D0 /* Debug */,
				1829A5722893B5E0004522D0 /* Release */,
			);
			defaultConfigurationIsVisible = 0;
			defaultConfigurationName = Release;
		};
		1829A5732893B5E0004522D0 /* Build configuration list for PBXNativeTarget "Tripper" */ = {
			isa = XCConfigurationList;
			buildConfigurations = (
				1829A5742893B5E0004522D0 /* Debug */,
				1829A5752893B5E0004522D0 /* Release */,
			);
			defaultConfigurationIsVisible = 0;
			defaultConfigurationName = Release;
		};
/* End XCConfigurationList section */
	};
	rootObject = 1829A55D2893B5DF004522D0 /* Project object */;
}
